
Microsoft Visual Studio Solution File, Format Version 12.00
# Visual Studio Version 17
VisualStudioVersion = 17.8.34330.188
MinimumVisualStudioVersion = 10.0.40219.1
Project("{9A19103F-16F7-4668-BE54-9A1E7A4F7556}") = "ELO.Utilities", "ELO.Utilities.csproj", "{83B0AB43-B5E3-45FC-A2DF-05E26A630979}"
EndProject
Global
	GlobalSection(SolutionConfigurationPlatforms) = preSolution
		Debug|Any CPU = Debug|Any CPU
		Release|Any CPU = Release|Any CPU
	EndGlobalSection
	GlobalSection(ProjectConfigurationPlatforms) = postSolution
		{83B0AB43-B5E3-45FC-A2DF-05E26A630979}.Debug|Any CPU.ActiveCfg = Debug|Any CPU
		{83B0AB43-B5E3-45FC-A2DF-05E26A630979}.Debug|Any CPU.Build.0 = Debug|Any CPU
		{83B0AB43-B5E3-45FC-A2DF-05E26A630979}.Release|Any CPU.ActiveCfg = Release|Any CPU
		{83B0AB43-B5E3-45FC-A2DF-05E26A630979}.Release|Any CPU.Build.0 = Release|Any CPU
	EndGlobalSection
	GlobalSection(SolutionProperties) = preSolution
		HideSolutionNode = FALSE
	EndGlobalSection
	GlobalSection(ExtensibilityGlobals) = postSolution
		SolutionGuid = {FA00A091-20A3-46FE-B975-B965F103BC90}
	EndGlobalSection
EndGlobal
